// !$*UTF8*$!
{
	archiveVersion = 1;
	classes = {
	};
	objectVersion = 46;
	objects = {

/* Begin PBXBuildFile section */
		7D96516A1AAF7E09000C5718 /* main.m in Sources */ = {isa = PBXBuildFile; fileRef = 7D9651691AAF7E09000C5718 /* main.m */; };
		7D96516D1AAF7E09000C5718 /* AppDelegate.m in Sources */ = {isa = PBXBuildFile; fileRef = 7D96516C1AAF7E09000C5718 /* AppDelegate.m */; };
		7D9651701AAF7E09000C5718 /* MasterViewController.m in Sources */ = {isa = PBXBuildFile; fileRef = 7D96516F1AAF7E09000C5718 /* MasterViewController.m */; };
		7D9651761AAF7E09000C5718 /* Main.storyboard in Resources */ = {isa = PBXBuildFile; fileRef = 7D9651741AAF7E09000C5718 /* Main.storyboard */; };
		7D9651781AAF7E09000C5718 /* Images.xcassets in Resources */ = {isa = PBXBuildFile; fileRef = 7D9651771AAF7E09000C5718 /* Images.xcassets */; };
		7D96517B1AAF7E09000C5718 /* LaunchScreen.xib in Resources */ = {isa = PBXBuildFile; fileRef = 7D9651791AAF7E09000C5718 /* LaunchScreen.xib */; };
		7D9651871AAF7E09000C5718 /* Dynamic_Static_Table_ViewTests.m in Sources */ = {isa = PBXBuildFile; fileRef = 7D9651861AAF7E09000C5718 /* Dynamic_Static_Table_ViewTests.m */; };
		7D9651921AAF8113000C5718 /* BFTableViewCell.m in Sources */ = {isa = PBXBuildFile; fileRef = 7D9651911AAF8113000C5718 /* BFTableViewCell.m */; };
/* End PBXBuildFile section */

/* Begin PBXContainerItemProxy section */
		7D9651811AAF7E09000C5718 /* PBXContainerItemProxy */ = {
			isa = PBXContainerItemProxy;
			containerPortal = 7D96515C1AAF7E09000C5718 /* Project object */;
			proxyType = 1;
			remoteGlobalIDString = 7D9651631AAF7E09000C5718;
			remoteInfo = "Dynamic Static Table View";
		};
/* End PBXContainerItemProxy section */

/* Begin PBXFileReference section */
		7D9651641AAF7E09000C5718 /* Dynamic Static Table View.app */ = {isa = PBXFileReference; explicitFileType = wrapper.application; includeInIndex = 0; path = "Dynamic Static Table View.app"; sourceTree = BUILT_PRODUCTS_DIR; };
		7D9651681AAF7E09000C5718 /* Info.plist */ = {isa = PBXFileReference; lastKnownFileType = text.plist.xml; path = Info.plist; sourceTree = "<group>"; };
		7D9651691AAF7E09000C5718 /* main.m */ = {isa = PBXFileReference; lastKnownFileType = sourcecode.c.objc; path = main.m; sourceTree = "<group>"; };
		7D96516B1AAF7E09000C5718 /* AppDelegate.h */ = {isa = PBXFileReference; lastKnownFileType = sourcecode.c.h; path = AppDelegate.h; sourceTree = "<group>"; };
		7D96516C1AAF7E09000C5718 /* AppDelegate.m */ = {isa = PBXFileReference; lastKnownFileType = sourcecode.c.objc; path = AppDelegate.m; sourceTree = "<group>"; };
		7D96516E1AAF7E09000C5718 /* MasterViewController.h */ = {isa = PBXFileReference; lastKnownFileType = sourcecode.c.h; path = MasterViewController.h; sourceTree = "<group>"; };
		7D96516F1AAF7E09000C5718 /* MasterViewController.m */ = {isa = PBXFileReference; lastKnownFileType = sourcecode.c.objc; path = MasterViewController.m; sourceTree = "<group>"; };
		7D9651751AAF7E09000C5718 /* Base */ = {isa = PBXFileReference; lastKnownFileType = file.storyboard; name = Base; path = Base.lproj/Main.storyboard; sourceTree = "<group>"; };
		7D9651771AAF7E09000C5718 /* Images.xcassets */ = {isa = PBXFileReference; lastKnownFileType = folder.assetcatalog; path = Images.xcassets; sourceTree = "<group>"; };
		7D96517A1AAF7E09000C5718 /* Base */ = {isa = PBXFileReference; lastKnownFileType = file.xib; name = Base; path = Base.lproj/LaunchScreen.xib; sourceTree = "<group>"; };
		7D9651801AAF7E09000C5718 /* Dynamic Static Table ViewTests.xctest */ = {isa = PBXFileReference; explicitFileType = wrapper.cfbundle; includeInIndex = 0; path = "Dynamic Static Table ViewTests.xctest"; sourceTree = BUILT_PRODUCTS_DIR; };
		7D9651851AAF7E09000C5718 /* Info.plist */ = {isa = PBXFileReference; lastKnownFileType = text.plist.xml; path = Info.plist; sourceTree = "<group>"; };
		7D9651861AAF7E09000C5718 /* Dynamic_Static_Table_ViewTests.m */ = {isa = PBXFileReference; lastKnownFileType = sourcecode.c.objc; path = Dynamic_Static_Table_ViewTests.m; sourceTree = "<group>"; };
		7D9651901AAF8113000C5718 /* BFTableViewCell.h */ = {isa = PBXFileReference; fileEncoding = 4; lastKnownFileType = sourcecode.c.h; path = BFTableViewCell.h; sourceTree = "<group>"; };
		7D9651911AAF8113000C5718 /* BFTableViewCell.m */ = {isa = PBXFileReference; fileEncoding = 4; lastKnownFileType = sourcecode.c.objc; path = BFTableViewCell.m; sourceTree = "<group>"; };
/* End PBXFileReference section */

/* Begin PBXFrameworksBuildPhase section */
		7D9651611AAF7E09000C5718 /* Frameworks */ = {
			isa = PBXFrameworksBuildPhase;
			buildActionMask = 2147483647;
			files = (
			);
			runOnlyForDeploymentPostprocessing = 0;
		};
		7D96517D1AAF7E09000C5718 /* Frameworks */ = {
			isa = PBXFrameworksBuildPhase;
			buildActionMask = 2147483647;
			files = (
			);
			runOnlyForDeploymentPostprocessing = 0;
		};
/* End PBXFrameworksBuildPhase section */

/* Begin PBXGroup section */
		7D96515B1AAF7E09000C5718 = {
			isa = PBXGroup;
			children = (
				7D9651661AAF7E09000C5718 /* Dynamic Static Table View */,
				7D9651831AAF7E09000C5718 /* Dynamic Static Table ViewTests */,
				7D9651651AAF7E09000C5718 /* Products */,
			);
			sourceTree = "<group>";
		};
		7D9651651AAF7E09000C5718 /* Products */ = {
			isa = PBXGroup;
			children = (
				7D9651641AAF7E09000C5718 /* Dynamic Static Table View.app */,
				7D9651801AAF7E09000C5718 /* Dynamic Static Table ViewTests.xctest */,
			);
			name = Products;
			sourceTree = "<group>";
		};
		7D9651661AAF7E09000C5718 /* Dynamic Static Table View */ = {
			isa = PBXGroup;
			children = (
				7D96516B1AAF7E09000C5718 /* AppDelegate.h */,
				7D96516C1AAF7E09000C5718 /* AppDelegate.m */,
				7D96516E1AAF7E09000C5718 /* MasterViewController.h */,
				7D96516F1AAF7E09000C5718 /* MasterViewController.m */,
				7D9651741AAF7E09000C5718 /* Main.storyboard */,
				7D9651771AAF7E09000C5718 /* Images.xcassets */,
				7D9651791AAF7E09000C5718 /* LaunchScreen.xib */,
				7D9651671AAF7E09000C5718 /* Supporting Files */,
				7D9651901AAF8113000C5718 /* BFTableViewCell.h */,
				7D9651911AAF8113000C5718 /* BFTableViewCell.m */,
			);
			path = "Dynamic Static Table View";
			sourceTree = "<group>";
		};
		7D9651671AAF7E09000C5718 /* Supporting Files */ = {
			isa = PBXGroup;
			children = (
				7D9651681AAF7E09000C5718 /* Info.plist */,
				7D9651691AAF7E09000C5718 /* main.m */,
			);
			name = "Supporting Files";
			sourceTree = "<group>";
		};
		7D9651831AAF7E09000C5718 /* Dynamic Static Table ViewTests */ = {
			isa = PBXGroup;
			children = (
				7D9651861AAF7E09000C5718 /* Dynamic_Static_Table_ViewTests.m */,
				7D9651841AAF7E09000C5718 /* Supporting Files */,
			);
			path = "Dynamic Static Table ViewTests";
			sourceTree = "<group>";
		};
		7D9651841AAF7E09000C5718 /* Supporting Files */ = {
			isa = PBXGroup;
			children = (
				7D9651851AAF7E09000C5718 /* Info.plist */,
			);
			name = "Supporting Files";
			sourceTree = "<group>";
		};
/* End PBXGroup section */

/* Begin PBXNativeTarget section */
		7D9651631AAF7E09000C5718 /* Dynamic Static Table View */ = {
			isa = PBXNativeTarget;
			buildConfigurationList = 7D96518A1AAF7E09000C5718 /* Build configuration list for PBXNativeTarget "Dynamic Static Table View" */;
			buildPhases = (
				7D9651601AAF7E09000C5718 /* Sources */,
				7D9651611AAF7E09000C5718 /* Frameworks */,
				7D9651621AAF7E09000C5718 /* Resources */,
			);
			buildRules = (
			);
			dependencies = (
			);
			name = "Dynamic Static Table View";
			productName = "Dynamic Static Table View";
			productReference = 7D9651641AAF7E09000C5718 /* Dynamic Static Table View.app */;
			productType = "com.apple.product-type.application";
		};
		7D96517F1AAF7E09000C5718 /* Dynamic Static Table ViewTests */ = {
			isa = PBXNativeTarget;
			buildConfigurationList = 7D96518D1AAF7E09000C5718 /* Build configuration list for PBXNativeTarget "Dynamic Static Table ViewTests" */;
			buildPhases = (
				7D96517C1AAF7E09000C5718 /* Sources */,
				7D96517D1AAF7E09000C5718 /* Frameworks */,
				7D96517E1AAF7E09000C5718 /* Resources */,
			);
			buildRules = (
			);
			dependencies = (
				7D9651821AAF7E09000C5718 /* PBXTargetDependency */,
			);
			name = "Dynamic Static Table ViewTests";
			productName = "Dynamic Static Table ViewTests";
			productReference = 7D9651801AAF7E09000C5718 /* Dynamic Static Table ViewTests.xctest */;
			productType = "com.apple.product-type.bundle.unit-test";
		};
/* End PBXNativeTarget section */

/* Begin PBXProject section */
		7D96515C1AAF7E09000C5718 /* Project object */ = {
			isa = PBXProject;
			attributes = {
				LastUpgradeCheck = 0620;
				ORGANIZATIONNAME = "Blackfish Development";
				TargetAttributes = {
					7D9651631AAF7E09000C5718 = {
						CreatedOnToolsVersion = 6.2;
					};
					7D96517F1AAF7E09000C5718 = {
						CreatedOnToolsVersion = 6.2;
						TestTargetID = 7D9651631AAF7E09000C5718;
					};
				};
			};
			buildConfigurationList = 7D96515F1AAF7E09000C5718 /* Build configuration list for PBXProject "Dynamic Static Table View" */;
			compatibilityVersion = "Xcode 3.2";
			developmentRegion = English;
			hasScannedForEncodings = 0;
			knownRegions = (
				en,
				Base,
			);
			mainGroup = 7D96515B1AAF7E09000C5718;
			productRefGroup = 7D9651651AAF7E09000C5718 /* Products */;
			projectDirPath = "";
			projectRoot = "";
			targets = (
				7D9651631AAF7E09000C5718 /* Dynamic Static Table View */,
				7D96517F1AAF7E09000C5718 /* Dynamic Static Table ViewTests */,
			);
		};
/* End PBXProject section */

/* Begin PBXResourcesBuildPhase section */
		7D9651621AAF7E09000C5718 /* Resources */ = {
			isa = PBXResourcesBuildPhase;
			buildActionMask = 2147483647;
			files = (
				7D9651761AAF7E09000C5718 /* Main.storyboard in Resources */,
				7D96517B1AAF7E09000C5718 /* LaunchScreen.xib in Resources */,
				7D9651781AAF7E09000C5718 /* Images.xcassets in Resources */,
			);
			runOnlyForDeploymentPostprocessing = 0;
		};
		7D96517E1AAF7E09000C5718 /* Resources */ = {
			isa = PBXResourcesBuildPhase;
			buildActionMask = 2147483647;
			files = (
			);
			runOnlyForDeploymentPostprocessing = 0;
		};
/* End PBXResourcesBuildPhase section */

/* Begin PBXSourcesBuildPhase section */
		7D9651601AAF7E09000C5718 /* Sources */ = {
			isa = PBXSourcesBuildPhase;
			buildActionMask = 2147483647;
			files = (
				7D96516D1AAF7E09000C5718 /* AppDelegate.m in Sources */,
				7D9651701AAF7E09000C5718 /* MasterViewController.m in Sources */,
				7D9651921AAF8113000C5718 /* BFTableViewCell.m in Sources */,
				7D96516A1AAF7E09000C5718 /* main.m in Sources */,
			);
			runOnlyForDeploymentPostprocessing = 0;
		};
		7D96517C1AAF7E09000C5718 /* Sources */ = {
			isa = PBXSourcesBuildPhase;
			buildActionMask = 2147483647;
			files = (
				7D9651871AAF7E09000C5718 /* Dynamic_Static_Table_ViewTests.m in Sources */,
			);
			runOnlyForDeploymentPostprocessing = 0;
		};
/* End PBXSourcesBuildPhase section */

/* Begin PBXTargetDependency section */
		7D9651821AAF7E09000C5718 /* PBXTargetDependency */ = {
			isa = PBXTargetDependency;
			target = 7D9651631AAF7E09000C5718 /* Dynamic Static Table View */;
			targetProxy = 7D9651811AAF7E09000C5718 /* PBXContainerItemProxy */;
		};
/* End PBXTargetDependency section */

/* Begin PBXVariantGroup section */
		7D9651741AAF7E09000C5718 /* Main.storyboard */ = {
			isa = PBXVariantGroup;
			children = (
				7D9651751AAF7E09000C5718 /* Base */,
			);
			name = Main.storyboard;
			sourceTree = "<group>";
		};
		7D9651791AAF7E09000C5718 /* LaunchScreen.xib */ = {
			isa = PBXVariantGroup;
			children = (
				7D96517A1AAF7E09000C5718 /* Base */,
			);
			name = LaunchScreen.xib;
			sourceTree = "<group>";
		};
/* End PBXVariantGroup section */

/* Begin XCBuildConfiguration section */
		7D9651881AAF7E09000C5718 /* Debug */ = {
			isa = XCBuildConfiguration;
			buildSettings = {
				ALWAYS_SEARCH_USER_PATHS = NO;
				CLANG_CXX_LANGUAGE_STANDARD = "gnu++0x";
				CLANG_CXX_LIBRARY = "libc++";
				CLANG_ENABLE_MODULES = YES;
				CLANG_ENABLE_OBJC_ARC = YES;
				CLANG_WARN_BOOL_CONVERSION = YES;
				CLANG_WARN_CONSTANT_CONVERSION = YES;
				CLANG_WARN_DIRECT_OBJC_ISA_USAGE = YES_ERROR;
				CLANG_WARN_EMPTY_BODY = YES;
				CLANG_WARN_ENUM_CONVERSION = YES;
				CLANG_WARN_INT_CONVERSION = YES;
				CLANG_WARN_OBJC_ROOT_CLASS = YES_ERROR;
				CLANG_WARN_UNREACHABLE_CODE = YES;
				CLANG_WARN__DUPLICATE_METHOD_MATCH = YES;
				"CODE_SIGN_IDENTITY[sdk=iphoneos*]" = "iPhone Developer";
				COPY_PHASE_STRIP = NO;
				ENABLE_STRICT_OBJC_MSGSEND = YES;
				GCC_C_LANGUAGE_STANDARD = gnu99;
				GCC_DYNAMIC_NO_PIC = NO;
				GCC_OPTIMIZATION_LEVEL = 0;
				GCC_PREPROCESSOR_DEFINITIONS = (
					"DEBUG=1",
					"$(inherited)",
				);
				GCC_SYMBOLS_PRIVATE_EXTERN = NO;
				GCC_WARN_64_TO_32_BIT_CONVERSION = YES;
				GCC_WARN_ABOUT_RETURN_TYPE = YES_ERROR;
				GCC_WARN_UNDECLARED_SELECTOR = YES;
				GCC_WARN_UNINITIALIZED_AUTOS = YES_AGGRESSIVE;
				GCC_WARN_UNUSED_FUNCTION = YES;
				GCC_WARN_UNUSED_VARIABLE = YES;
				IPHONEOS_DEPLOYMENT_TARGET = 8.2;
				MTL_ENABLE_DEBUG_INFO = YES;
				ONLY_ACTIVE_ARCH = YES;
				SDKROOT = iphoneos;
			};
			name = Debug;
		};
		7D9651891AAF7E09000C5718 /* Release */ = {
			isa = XCBuildConfiguration;
			buildSettings = {
				ALWAYS_SEARCH_USER_PATHS = NO;
				CLANG_CXX_LANGUAGE_STANDARD = "gnu++0x";
				CLANG_CXX_LIBRARY = "libc++";
				CLANG_ENABLE_MODULES = YES;
				CLANG_ENABLE_OBJC_ARC = YES;
				CLANG_WARN_BOOL_CONVERSION = YES;
				CLANG_WARN_CONSTANT_CONVERSION = YES;
				CLANG_WARN_DIRECT_OBJC_ISA_USAGE = YES_ERROR;
				CLANG_WARN_EMPTY_BODY = YES;
				CLANG_WARN_ENUM_CONVERSION = YES;
				CLANG_WARN_INT_CONVERSION = YES;
				CLANG_WARN_OBJC_ROOT_CLASS = YES_ERROR;
				CLANG_WARN_UNREACHABLE_CODE = YES;
				CLANG_WARN__DUPLICATE_METHOD_MATCH = YES;
				"CODE_SIGN_IDENTITY[sdk=iphoneos*]" = "iPhone Developer";
				COPY_PHASE_STRIP = NO;
				ENABLE_NS_ASSERTIONS = NO;
				ENABLE_STRICT_OBJC_MSGSEND = YES;
				GCC_C_LANGUAGE_STANDARD = gnu99;
				GCC_WARN_64_TO_32_BIT_CONVERSION = YES;
				GCC_WARN_ABOUT_RETURN_TYPE = YES_ERROR;
				GCC_WARN_UNDECLARED_SELECTOR = YES;
				GCC_WARN_UNINITIALIZED_AUTOS = YES_AGGRESSIVE;
				GCC_WARN_UNUSED_FUNCTION = YES;
				GCC_WARN_UNUSED_VARIABLE = YES;
				IPHONEOS_DEPLOYMENT_TARGET = 8.2;
				MTL_ENABLE_DEBUG_INFO = NO;
				SDKROOT = iphoneos;
				VALIDATE_PRODUCT = YES;
			};
			name = Release;
		};
		7D96518B1AAF7E09000C5718 /* Debug */ = {
			isa = XCBuildConfiguration;
			buildSettings = {
				ASSETCATALOG_COMPILER_APPICON_NAME = AppIcon;
				INFOPLIST_FILE = "Dynamic Static Table View/Info.plist";
				LD_RUNPATH_SEARCH_PATHS = "$(inherited) @executable_path/Frameworks";
				PRODUCT_NAME = "$(TARGET_NAME)";
			};
			name = Debug;
		};
		7D96518C1AAF7E09000C5718 /* Release */ = {
			isa = XCBuildConfiguration;
			buildSettings = {
				ASSETCATALOG_COMPILER_APPICON_NAME = AppIcon;
				INFOPLIST_FILE = "Dynamic Static Table View/Info.plist";
				LD_RUNPATH_SEARCH_PATHS = "$(inherited) @executable_path/Frameworks";
				PRODUCT_NAME = "$(TARGET_NAME)";
			};
			name = Release;
		};
		7D96518E1AAF7E09000C5718 /* Debug */ = {
			isa = XCBuildConfiguration;
			buildSettings = {
				BUNDLE_LOADER = "$(TEST_HOST)";
				FRAMEWORK_SEARCH_PATHS = (
					"$(SDKROOT)/Developer/Library/Frameworks",
					"$(inherited)",
				);
				GCC_PREPROCESSOR_DEFINITIONS = (
					"DEBUG=1",
					"$(inherited)",
				);
				INFOPLIST_FILE = "Dynamic Static Table ViewTests/Info.plist";
				LD_RUNPATH_SEARCH_PATHS = "$(inherited) @executable_path/Frameworks @loader_path/Frameworks";
				PRODUCT_NAME = "$(TARGET_NAME)";
				TEST_HOST = "$(BUILT_PRODUCTS_DIR)/Dynamic Static Table View.app/Dynamic Static Table View";
			};
			name = Debug;
		};
		7D96518F1AAF7E09000C5718 /* Release */ = {
			isa = XCBuildConfiguration;
			buildSettings = {
				BUNDLE_LOADER = "$(TEST_HOST)";
				FRAMEWORK_SEARCH_PATHS = (
					"$(SDKROOT)/Developer/Library/Frameworks",
					"$(inherited)",
				);
				INFOPLIST_FILE = "Dynamic Static Table ViewTests/Info.plist";
				LD_RUNPATH_SEARCH_PATHS = "$(inherited) @executable_path/Frameworks @loader_path/Frameworks";
				PRODUCT_NAME = "$(TARGET_NAME)";
				TEST_HOST = "$(BUILT_PRODUCTS_DIR)/Dynamic Static Table View.app/Dynamic Static Table View";
			};
			name = Release;
		};
/* End XCBuildConfiguration section */

/* Begin XCConfigurationList section */
		7D96515F1AAF7E09000C5718 /* Build configuration list for PBXProject "Dynamic Static Table View" */ = {
			isa = XCConfigurationList;
			buildConfigurations = (
				7D9651881AAF7E09000C5718 /* Debug */,
				7D9651891AAF7E09000C5718 /* Release */,
			);
			defaultConfigurationIsVisible = 0;
			defaultConfigurationName = Release;
		};
		7D96518A1AAF7E09000C5718 /* Build configuration list for PBXNativeTarget "Dynamic Static Table View" */ = {
			isa = XCConfigurationList;
			buildConfigurations = (
				7D96518B1AAF7E09000C5718 /* Debug */,
				7D96518C1AAF7E09000C5718 /* Release */,
			);
			defaultConfigurationIsVisible = 0;
		};
		7D96518D1AAF7E09000C5718 /* Build configuration list for PBXNativeTarget "Dynamic Static Table ViewTests" */ = {
			isa = XCConfigurationList;
			buildConfigurations = (
				7D96518E1AAF7E09000C5718 /* Debug */,
				7D96518F1AAF7E09000C5718 /* Release */,
			);
			defaultConfigurationIsVisible = 0;
		};
/* End XCConfigurationList section */
	};
	rootObject = 7D96515C1AAF7E09000C5718 /* Project object */;
}
